
Microsoft Visual Studio Solution File, Format Version 12.00
# Visual Studio Version 17
VisualStudioVersion = 17.14.36518.9 d17.14
MinimumVisualStudioVersion = 10.0.40219.1
Project("{FAE04EC0-301F-11D3-BF4B-00C04F79EFBC}") = "MALLMAP_TANG2", "MALLMAP_TANG2.csproj", "{4562637E-F5CA-4EC1-9503-102AC7EAFB4F}"
EndProject
Global
	GlobalSection(SolutionConfigurationPlatforms) = preSolution
		Debug|Any CPU = Debug|Any CPU
		Release|Any CPU = Release|Any CPU
	EndGlobalSection
	GlobalSection(ProjectConfigurationPlatforms) = postSolution
		{4562637E-F5CA-4EC1-9503-102AC7EAFB4F}.Debug|Any CPU.ActiveCfg = Debug|Any CPU
		{4562637E-F5CA-4EC1-9503-102AC7EAFB4F}.Debug|Any CPU.Build.0 = Debug|Any CPU
		{4562637E-F5CA-4EC1-9503-102AC7EAFB4F}.Release|Any CPU.ActiveCfg = Release|Any CPU
		{4562637E-F5CA-4EC1-9503-102AC7EAFB4F}.Release|Any CPU.Build.0 = Release|Any CPU
	EndGlobalSection
	GlobalSection(SolutionProperties) = preSolution
		HideSolutionNode = FALSE
	EndGlobalSection
	GlobalSection(ExtensibilityGlobals) = postSolution
		SolutionGuid = {6DB56389-13A1-46E8-A9EE-940A32F6BCBD}
	EndGlobalSection
EndGlobal
